
Microsoft Visual Studio Solution File, Format Version 12.00
# Visual Studio Version 17
VisualStudioVersion = 17.3.32922.545
MinimumVisualStudioVersion = 10.0.40219.1
Project("{FAE04EC0-301F-11D3-BF4B-00C04F79EFBC}") = "CurrencyConverter", "CurrencyConverter\CurrencyConverter.csproj", "{807FFA38-A723-4DE2-AF3F-F4C8D38485CE}"
EndProject
Global
	GlobalSection(SolutionConfigurationPlatforms) = preSolution
		Debug|Any CPU = Debug|Any CPU
		Release|Any CPU = Release|Any CPU
	EndGlobalSection
	GlobalSection(ProjectConfigurationPlatforms) = postSolution
		{807FFA38-A723-4DE2-AF3F-F4C8D38485CE}.Debug|Any CPU.ActiveCfg = Debug|Any CPU
		{807FFA38-A723-4DE2-AF3F-F4C8D38485CE}.Debug|Any CPU.Build.0 = Debug|Any CPU
		{807FFA38-A723-4DE2-AF3F-F4C8D38485CE}.Release|Any CPU.ActiveCfg = Release|Any CPU
		{807FFA38-A723-4DE2-AF3F-F4C8D38485CE}.Release|Any CPU.Build.0 = Release|Any CPU
	EndGlobalSection
	GlobalSection(SolutionProperties) = preSolution
		HideSolutionNode = FALSE
	EndGlobalSection
	GlobalSection(ExtensibilityGlobals) = postSolution
		SolutionGuid = {1D872066-5A80-45E1-B0A8-E0263052A687}
	EndGlobalSection
EndGlobal
